// !$*UTF8*$!
{
	archiveVersion = 1;
	classes = {
	};
	objectVersion = 50;
	objects = {

/* Begin PBXBuildFile section */
		30031F9222C8397200955F27 /* PhotoBookChooseView.swift in Sources */ = {isa = PBXBuildFile; fileRef = 30031F9122C8397200955F27 /* PhotoBookChooseView.swift */; };
		30031F9622C842A700955F27 /* ColorHelper.swift in Sources */ = {isa = PBXBuildFile; fileRef = 30031F9522C842A700955F27 /* ColorHelper.swift */; };
		30A9F6A422C8ABA5007F5692 /* ZImageMaker.swift in Sources */ = {isa = PBXBuildFile; fileRef = 30A9F6A322C8ABA5007F5692 /* ZImageMaker.swift */; };
		30A9F6A622C98E72007F5692 /* AnimationTool.swift in Sources */ = {isa = PBXBuildFile; fileRef = 30A9F6A522C98E72007F5692 /* AnimationTool.swift */; };
		30A9F6B022C9E579007F5692 /* AppDelegate.swift in Sources */ = {isa = PBXBuildFile; fileRef = B55A776022C8685800D4C635 /* AppDelegate.swift */; };
		30A9F6B422C9EFB6007F5692 /* AnimationView.swift in Sources */ = {isa = PBXBuildFile; fileRef = 30A9F6B322C9EFB6007F5692 /* AnimationView.swift */; };
		30A9F6B622C9EFBF007F5692 /* FakeNavigationView.swift in Sources */ = {isa = PBXBuildFile; fileRef = 30A9F6B522C9EFBF007F5692 /* FakeNavigationView.swift */; };
		30A9F6B822C9EFC8007F5692 /* FakeNavigationView.xib in Resources */ = {isa = PBXBuildFile; fileRef = 30A9F6B722C9EFC7007F5692 /* FakeNavigationView.xib */; };
		30A9F6BA22C9EFD0007F5692 /* ViewController.swift in Sources */ = {isa = PBXBuildFile; fileRef = 30A9F6B922C9EFD0007F5692 /* ViewController.swift */; };
		30A9F6BD22C9FB0C007F5692 /* PictureEditController.swift in Sources */ = {isa = PBXBuildFile; fileRef = 30A9F6BC22C9FB0C007F5692 /* PictureEditController.swift */; };
		30A9F6BF22CB0630007F5692 /* MainTableView.swift in Sources */ = {isa = PBXBuildFile; fileRef = 30A9F6BE22CB0630007F5692 /* MainTableView.swift */; };
		30A9F6C122CB064E007F5692 /* MainTableViewCell.swift in Sources */ = {isa = PBXBuildFile; fileRef = 30A9F6C022CB064E007F5692 /* MainTableViewCell.swift */; };
		367A9424C351D39E305B7DFA /* Pods_PictureCool.framework in Frameworks */ = {isa = PBXBuildFile; fileRef = AD5AFE1BAA12504A3E30B280 /* Pods_PictureCool.framework */; };
		B55A6AD222C7444500D4C635 /* Main.storyboard in Resources */ = {isa = PBXBuildFile; fileRef = B55A6AD022C7444500D4C635 /* Main.storyboard */; };
		B55A6AD422C7444700D4C635 /* Assets.xcassets in Resources */ = {isa = PBXBuildFile; fileRef = B55A6AD322C7444700D4C635 /* Assets.xcassets */; };
		B55A6ADF22C7446900D4C635 /* PictureCore.swift in Sources */ = {isa = PBXBuildFile; fileRef = B55A6ADE22C7446800D4C635 /* PictureCore.swift */; };
		B55A776422C8909F00D4C635 /* SaveCore.swift in Sources */ = {isa = PBXBuildFile; fileRef = B55A776322C8909F00D4C635 /* SaveCore.swift */; };
		B55A776622C898CD00D4C635 /* HMAC-SHA1.swift in Sources */ = {isa = PBXBuildFile; fileRef = B55A776522C898CD00D4C635 /* HMAC-SHA1.swift */; };
		B55A776C22C89E1800D4C635 /* GetInformation.swift in Sources */ = {isa = PBXBuildFile; fileRef = B55A776B22C89E1800D4C635 /* GetInformation.swift */; };
		B55A776E22C9907600D4C635 /* linesBase.swift in Sources */ = {isa = PBXBuildFile; fileRef = B55A776D22C9907600D4C635 /* linesBase.swift */; };
		B55A84BE22CB4D4500D4C635 /* DetectPicture.swift in Sources */ = {isa = PBXBuildFile; fileRef = B55A84BD22CB4D4500D4C635 /* DetectPicture.swift */; };
/* End PBXBuildFile section */

/* Begin PBXFileReference section */
		004BB5729D6542399E9AB3ED /* Pods-PictureCool.release.xcconfig */ = {isa = PBXFileReference; includeInIndex = 1; lastKnownFileType = text.xcconfig; name = "Pods-PictureCool.release.xcconfig"; path = "Target Support Files/Pods-PictureCool/Pods-PictureCool.release.xcconfig"; sourceTree = "<group>"; };
		30031F9122C8397200955F27 /* PhotoBookChooseView.swift */ = {isa = PBXFileReference; lastKnownFileType = sourcecode.swift; path = PhotoBookChooseView.swift; sourceTree = "<group>"; };
		30031F9522C842A700955F27 /* ColorHelper.swift */ = {isa = PBXFileReference; lastKnownFileType = sourcecode.swift; path = ColorHelper.swift; sourceTree = "<group>"; };
		30A9F6A322C8ABA5007F5692 /* ZImageMaker.swift */ = {isa = PBXFileReference; lastKnownFileType = sourcecode.swift; path = ZImageMaker.swift; sourceTree = "<group>"; };
		30A9F6A522C98E72007F5692 /* AnimationTool.swift */ = {isa = PBXFileReference; lastKnownFileType = sourcecode.swift; path = AnimationTool.swift; sourceTree = "<group>"; };
		30A9F6B322C9EFB6007F5692 /* AnimationView.swift */ = {isa = PBXFileReference; fileEncoding = 4; lastKnownFileType = sourcecode.swift; name = AnimationView.swift; path = PictureCool/MainView/AnimationView.swift; sourceTree = "<group>"; };
		30A9F6B522C9EFBF007F5692 /* FakeNavigationView.swift */ = {isa = PBXFileReference; fileEncoding = 4; lastKnownFileType = sourcecode.swift; name = FakeNavigationView.swift; path = PictureCool/MainView/FakeNavigationView.swift; sourceTree = "<group>"; };
		30A9F6B722C9EFC7007F5692 /* FakeNavigationView.xib */ = {isa = PBXFileReference; fileEncoding = 4; lastKnownFileType = file.xib; name = FakeNavigationView.xib; path = PictureCool/MainView/FakeNavigationView.xib; sourceTree = "<group>"; };
		30A9F6B922C9EFD0007F5692 /* ViewController.swift */ = {isa = PBXFileReference; fileEncoding = 4; lastKnownFileType = sourcecode.swift; name = ViewController.swift; path = PictureCool/MainView/ViewController.swift; sourceTree = "<group>"; };
		30A9F6BC22C9FB0C007F5692 /* PictureEditController.swift */ = {isa = PBXFileReference; lastKnownFileType = sourcecode.swift; path = PictureEditController.swift; sourceTree = "<group>"; };
		30A9F6BE22CB0630007F5692 /* MainTableView.swift */ = {isa = PBXFileReference; lastKnownFileType = sourcecode.swift; path = MainTableView.swift; sourceTree = "<group>"; };
		30A9F6C022CB064E007F5692 /* MainTableViewCell.swift */ = {isa = PBXFileReference; lastKnownFileType = sourcecode.swift; path = MainTableViewCell.swift; sourceTree = "<group>"; };
		AD5AFE1BAA12504A3E30B280 /* Pods_PictureCool.framework */ = {isa = PBXFileReference; explicitFileType = wrapper.framework; includeInIndex = 0; path = Pods_PictureCool.framework; sourceTree = BUILT_PRODUCTS_DIR; };
		B55A6AC922C7444500D4C635 /* PictureCool.app */ = {isa = PBXFileReference; explicitFileType = wrapper.application; includeInIndex = 0; path = PictureCool.app; sourceTree = BUILT_PRODUCTS_DIR; };
		B55A6AD122C7444500D4C635 /* Base */ = {isa = PBXFileReference; lastKnownFileType = file.storyboard; name = Base; path = Base.lproj/Main.storyboard; sourceTree = "<group>"; };
		B55A6AD322C7444700D4C635 /* Assets.xcassets */ = {isa = PBXFileReference; lastKnownFileType = folder.assetcatalog; path = Assets.xcassets; sourceTree = "<group>"; };
		B55A6AD822C7444700D4C635 /* Info.plist */ = {isa = PBXFileReference; lastKnownFileType = text.plist.xml; path = Info.plist; sourceTree = "<group>"; };
		B55A6ADE22C7446800D4C635 /* PictureCore.swift */ = {isa = PBXFileReference; lastKnownFileType = sourcecode.swift; path = PictureCore.swift; sourceTree = "<group>"; };
		B55A775F22C8685800D4C635 /* Base */ = {isa = PBXFileReference; lastKnownFileType = file.storyboard; name = Base; path = Base.lproj/LaunchScreen.storyboard; sourceTree = "<group>"; };
		B55A776022C8685800D4C635 /* AppDelegate.swift */ = {isa = PBXFileReference; fileEncoding = 4; lastKnownFileType = sourcecode.swift; path = AppDelegate.swift; sourceTree = "<group>"; };
		B55A776322C8909F00D4C635 /* SaveCore.swift */ = {isa = PBXFileReference; lastKnownFileType = sourcecode.swift; path = SaveCore.swift; sourceTree = "<group>"; };
		B55A776522C898CD00D4C635 /* HMAC-SHA1.swift */ = {isa = PBXFileReference; lastKnownFileType = sourcecode.swift; path = "HMAC-SHA1.swift"; sourceTree = "<group>"; };
		B55A776722C89C8000D4C635 /* PictureCool-Bridging-Header.h */ = {isa = PBXFileReference; lastKnownFileType = sourcecode.c.h; path = "PictureCool-Bridging-Header.h"; sourceTree = "<group>"; };
		B55A776B22C89E1800D4C635 /* GetInformation.swift */ = {isa = PBXFileReference; lastKnownFileType = sourcecode.swift; path = GetInformation.swift; sourceTree = "<group>"; };
		B55A776D22C9907600D4C635 /* linesBase.swift */ = {isa = PBXFileReference; lastKnownFileType = sourcecode.swift; path = linesBase.swift; sourceTree = "<group>"; };
		B55A84BD22CB4D4500D4C635 /* DetectPicture.swift */ = {isa = PBXFileReference; lastKnownFileType = sourcecode.swift; path = DetectPicture.swift; sourceTree = "<group>"; };
		B846CE74F2BC6FFFFBFC73A1 /* Pods-PictureCool.debug.xcconfig */ = {isa = PBXFileReference; includeInIndex = 1; lastKnownFileType = text.xcconfig; name = "Pods-PictureCool.debug.xcconfig"; path = "Target Support Files/Pods-PictureCool/Pods-PictureCool.debug.xcconfig"; sourceTree = "<group>"; };
/* End PBXFileReference section */

/* Begin PBXFrameworksBuildPhase section */
		B55A6AC622C7444500D4C635 /* Frameworks */ = {
			isa = PBXFrameworksBuildPhase;
			buildActionMask = 2147483647;
			files = (
				367A9424C351D39E305B7DFA /* Pods_PictureCool.framework in Frameworks */,
			);
			runOnlyForDeploymentPostprocessing = 0;
		};
/* End PBXFrameworksBuildPhase section */

/* Begin PBXGroup section */
		30A9F6B122C9E616007F5692 /* Tool */ = {
			isa = PBXGroup;
			children = (
				30A9F6A522C98E72007F5692 /* AnimationTool.swift */,
				30A9F6A322C8ABA5007F5692 /* ZImageMaker.swift */,
				30031F9522C842A700955F27 /* ColorHelper.swift */,
			);
			path = Tool;
			sourceTree = "<group>";
		};
		30A9F6B222C9E639007F5692 /* MainView */ = {
			isa = PBXGroup;
			children = (
				30A9F6B922C9EFD0007F5692 /* ViewController.swift */,
				30A9F6B522C9EFBF007F5692 /* FakeNavigationView.swift */,
				30A9F6B322C9EFB6007F5692 /* AnimationView.swift */,
				30A9F6B722C9EFC7007F5692 /* FakeNavigationView.xib */,
				30A9F6BE22CB0630007F5692 /* MainTableView.swift */,
				30A9F6C022CB064E007F5692 /* MainTableViewCell.swift */,
			);
			name = MainView;
			path = ..;
			sourceTree = "<group>";
		};
		30A9F6BB22C9FAF1007F5692 /* PictureEditController */ = {
			isa = PBXGroup;
			children = (
				30A9F6BC22C9FB0C007F5692 /* PictureEditController.swift */,
			);
			path = PictureEditController;
			sourceTree = "<group>";
		};
		57026D9D432B395C32C6782B /* Pods */ = {
			isa = PBXGroup;
			children = (
				B846CE74F2BC6FFFFBFC73A1 /* Pods-PictureCool.debug.xcconfig */,
				004BB5729D6542399E9AB3ED /* Pods-PictureCool.release.xcconfig */,
			);
			path = Pods;
			sourceTree = "<group>";
		};
		B55A6AC022C7444500D4C635 = {
			isa = PBXGroup;
			children = (
				B55A6ACB22C7444500D4C635 /* PictureCool */,
				B55A6ACA22C7444500D4C635 /* Products */,
				57026D9D432B395C32C6782B /* Pods */,
				E0FD207C8BA1DD5C0E39C783 /* Frameworks */,
			);
			sourceTree = "<group>";
		};
		B55A6ACA22C7444500D4C635 /* Products */ = {
			isa = PBXGroup;
			children = (
				B55A6AC922C7444500D4C635 /* PictureCool.app */,
			);
			name = Products;
			sourceTree = "<group>";
		};
		B55A6ACB22C7444500D4C635 /* PictureCool */ = {
			isa = PBXGroup;
			children = (
				30A9F6BB22C9FAF1007F5692 /* PictureEditController */,
				30A9F6B122C9E616007F5692 /* Tool */,
				30031F9122C8397200955F27 /* PhotoBookChooseView.swift */,
				30A9F6B222C9E639007F5692 /* MainView */,
				B55A6AD022C7444500D4C635 /* Main.storyboard */,
				B55A6AD322C7444700D4C635 /* Assets.xcassets */,
				B55A6AD822C7444700D4C635 /* Info.plist */,
				B55A775D22C8685800D4C635 /* SupportingFIles */,
				B55A6AFF22C84D6100D4C635 /* CoreModel */,
			);
			path = PictureCool;
			sourceTree = "<group>";
		};
		B55A6AFF22C84D6100D4C635 /* CoreModel */ = {
			isa = PBXGroup;
			children = (
				B55A6ADE22C7446800D4C635 /* PictureCore.swift */,
				B55A84BD22CB4D4500D4C635 /* DetectPicture.swift */,
				B55A776D22C9907600D4C635 /* linesBase.swift */,
				B55A776522C898CD00D4C635 /* HMAC-SHA1.swift */,
				B55A776B22C89E1800D4C635 /* GetInformation.swift */,
				B55A776322C8909F00D4C635 /* SaveCore.swift */,
				B55A776722C89C8000D4C635 /* PictureCool-Bridging-Header.h */,
			);
			path = CoreModel;
			sourceTree = "<group>";
		};
		B55A775D22C8685800D4C635 /* SupportingFIles */ = {
			isa = PBXGroup;
			children = (
				B55A775E22C8685800D4C635 /* LaunchScreen.storyboard */,
				B55A776022C8685800D4C635 /* AppDelegate.swift */,
			);
			name = SupportingFIles;
			path = PictureCool/SupportingFIles;
			sourceTree = SOURCE_ROOT;
		};
		E0FD207C8BA1DD5C0E39C783 /* Frameworks */ = {
			isa = PBXGroup;
			children = (
				AD5AFE1BAA12504A3E30B280 /* Pods_PictureCool.framework */,
			);
			name = Frameworks;
			sourceTree = "<group>";
		};
/* End PBXGroup section */

/* Begin PBXNativeTarget section */
		B55A6AC822C7444500D4C635 /* PictureCool */ = {
			isa = PBXNativeTarget;
			buildConfigurationList = B55A6ADB22C7444700D4C635 /* Build configuration list for PBXNativeTarget "PictureCool" */;
			buildPhases = (
				17A795EAF5FCCFEEDB688ABC /* [CP] Check Pods Manifest.lock */,
				B55A6AC522C7444500D4C635 /* Sources */,
				B55A6AC622C7444500D4C635 /* Frameworks */,
				B55A6AC722C7444500D4C635 /* Resources */,
				FE6E1D301A995E4B78DEA963 /* [CP] Embed Pods Frameworks */,
			);
			buildRules = (
			);
			dependencies = (
			);
			name = PictureCool;
			productName = PictureCool;
			productReference = B55A6AC922C7444500D4C635 /* PictureCool.app */;
			productType = "com.apple.product-type.application";
		};
/* End PBXNativeTarget section */

/* Begin PBXProject section */
		B55A6AC122C7444500D4C635 /* Project object */ = {
			isa = PBXProject;
			attributes = {
				LastSwiftUpdateCheck = 1020;
				LastUpgradeCheck = 1020;
				ORGANIZATIONNAME = flyingPigs;
				TargetAttributes = {
					B55A6AC822C7444500D4C635 = {
						CreatedOnToolsVersion = 10.2.1;
						LastSwiftMigration = 1020;
					};
				};
			};
			buildConfigurationList = B55A6AC422C7444500D4C635 /* Build configuration list for PBXProject "PictureCool" */;
			compatibilityVersion = "Xcode 9.3";
			developmentRegion = en;
			hasScannedForEncodings = 0;
			knownRegions = (
				en,
				Base,
			);
			mainGroup = B55A6AC022C7444500D4C635;
			productRefGroup = B55A6ACA22C7444500D4C635 /* Products */;
			projectDirPath = "";
			projectRoot = "";
			targets = (
				B55A6AC822C7444500D4C635 /* PictureCool */,
			);
		};
/* End PBXProject section */

/* Begin PBXResourcesBuildPhase section */
		B55A6AC722C7444500D4C635 /* Resources */ = {
			isa = PBXResourcesBuildPhase;
			buildActionMask = 2147483647;
			files = (
				B55A6AD422C7444700D4C635 /* Assets.xcassets in Resources */,
				30A9F6B822C9EFC8007F5692 /* FakeNavigationView.xib in Resources */,
				B55A6AD222C7444500D4C635 /* Main.storyboard in Resources */,
			);
			runOnlyForDeploymentPostprocessing = 0;
		};
/* End PBXResourcesBuildPhase section */

/* Begin PBXShellScriptBuildPhase section */
		17A795EAF5FCCFEEDB688ABC /* [CP] Check Pods Manifest.lock */ = {
			isa = PBXShellScriptBuildPhase;
			buildActionMask = 2147483647;
			files = (
			);
			inputFileListPaths = (
			);
			inputPaths = (
				"${PODS_PODFILE_DIR_PATH}/Podfile.lock",
				"${PODS_ROOT}/Manifest.lock",
			);
			name = "[CP] Check Pods Manifest.lock";
			outputFileListPaths = (
			);
			outputPaths = (
				"$(DERIVED_FILE_DIR)/Pods-PictureCool-checkManifestLockResult.txt",
			);
			runOnlyForDeploymentPostprocessing = 0;
			shellPath = /bin/sh;
			shellScript = "diff \"${PODS_PODFILE_DIR_PATH}/Podfile.lock\" \"${PODS_ROOT}/Manifest.lock\" > /dev/null\nif [ $? != 0 ] ; then\n    # print error to STDERR\n    echo \"error: The sandbox is not in sync with the Podfile.lock. Run 'pod install' or update your CocoaPods installation.\" >&2\n    exit 1\nfi\n# This output is used by Xcode 'outputs' to avoid re-running this script phase.\necho \"SUCCESS\" > \"${SCRIPT_OUTPUT_FILE_0}\"\n";
			showEnvVarsInLog = 0;
		};
		FE6E1D301A995E4B78DEA963 /* [CP] Embed Pods Frameworks */ = {
			isa = PBXShellScriptBuildPhase;
			buildActionMask = 2147483647;
			files = (
			);
			inputFileListPaths = (
			);
			inputPaths = (
				"${PODS_ROOT}/Target Support Files/Pods-PictureCool/Pods-PictureCool-frameworks.sh",
				"${BUILT_PRODUCTS_DIR}/Alamofire/Alamofire.framework",
				"${BUILT_PRODUCTS_DIR}/SnapKit/SnapKit.framework",
			);
			name = "[CP] Embed Pods Frameworks";
			outputFileListPaths = (
			);
			outputPaths = (
				"${TARGET_BUILD_DIR}/${FRAMEWORKS_FOLDER_PATH}/Alamofire.framework",
				"${TARGET_BUILD_DIR}/${FRAMEWORKS_FOLDER_PATH}/SnapKit.framework",
			);
			runOnlyForDeploymentPostprocessing = 0;
			shellPath = /bin/sh;
			shellScript = "\"${PODS_ROOT}/Target Support Files/Pods-PictureCool/Pods-PictureCool-frameworks.sh\"\n";
			showEnvVarsInLog = 0;
		};
/* End PBXShellScriptBuildPhase section */

/* Begin PBXSourcesBuildPhase section */
		B55A6AC522C7444500D4C635 /* Sources */ = {
			isa = PBXSourcesBuildPhase;
			buildActionMask = 2147483647;
			files = (
				30A9F6B022C9E579007F5692 /* AppDelegate.swift in Sources */,
				30A9F6B622C9EFBF007F5692 /* FakeNavigationView.swift in Sources */,
				30A9F6A622C98E72007F5692 /* AnimationTool.swift in Sources */,
				30A9F6A422C8ABA5007F5692 /* ZImageMaker.swift in Sources */,
				30031F9622C842A700955F27 /* ColorHelper.swift in Sources */,
				30031F9222C8397200955F27 /* PhotoBookChooseView.swift in Sources */,
				30A9F6BD22C9FB0C007F5692 /* PictureEditController.swift in Sources */,
				B55A776422C8909F00D4C635 /* SaveCore.swift in Sources */,
				B55A776622C898CD00D4C635 /* HMAC-SHA1.swift in Sources */,
				B55A776C22C89E1800D4C635 /* GetInformation.swift in Sources */,

				B55A84BE22CB4D4500D4C635 /* DetectPicture.swift in Sources */,

				30A9F6C122CB064E007F5692 /* MainTableViewCell.swift in Sources */,

				30A9F6B422C9EFB6007F5692 /* AnimationView.swift in Sources */,
				B55A776E22C9907600D4C635 /* linesBase.swift in Sources */,
				30A9F6BF22CB0630007F5692 /* MainTableView.swift in Sources */,
				30A9F6BA22C9EFD0007F5692 /* ViewController.swift in Sources */,
				B55A6ADF22C7446900D4C635 /* PictureCore.swift in Sources */,
			);
			runOnlyForDeploymentPostprocessing = 0;
		};
/* End PBXSourcesBuildPhase section */

/* Begin PBXVariantGroup section */
		B55A6AD022C7444500D4C635 /* Main.storyboard */ = {
			isa = PBXVariantGroup;
			children = (
				B55A6AD122C7444500D4C635 /* Base */,
			);
			name = Main.storyboard;
			sourceTree = "<group>";
		};
		B55A775E22C8685800D4C635 /* LaunchScreen.storyboard */ = {
			isa = PBXVariantGroup;
			children = (
				B55A775F22C8685800D4C635 /* Base */,
			);
			name = LaunchScreen.storyboard;
			sourceTree = "<group>";
		};
/* End PBXVariantGroup section */

/* Begin XCBuildConfiguration section */
		B55A6AD922C7444700D4C635 /* Debug */ = {
			isa = XCBuildConfiguration;
			buildSettings = {
				ALWAYS_SEARCH_USER_PATHS = NO;
				CLANG_ANALYZER_NONNULL = YES;
				CLANG_ANALYZER_NUMBER_OBJECT_CONVERSION = YES_AGGRESSIVE;
				CLANG_CXX_LANGUAGE_STANDARD = "gnu++14";
				CLANG_CXX_LIBRARY = "libc++";
				CLANG_ENABLE_MODULES = YES;
				CLANG_ENABLE_OBJC_ARC = YES;
				CLANG_ENABLE_OBJC_WEAK = YES;
				CLANG_WARN_BLOCK_CAPTURE_AUTORELEASING = YES;
				CLANG_WARN_BOOL_CONVERSION = YES;
				CLANG_WARN_COMMA = YES;
				CLANG_WARN_CONSTANT_CONVERSION = YES;
				CLANG_WARN_DEPRECATED_OBJC_IMPLEMENTATIONS = YES;
				CLANG_WARN_DIRECT_OBJC_ISA_USAGE = YES_ERROR;
				CLANG_WARN_DOCUMENTATION_COMMENTS = YES;
				CLANG_WARN_EMPTY_BODY = YES;
				CLANG_WARN_ENUM_CONVERSION = YES;
				CLANG_WARN_INFINITE_RECURSION = YES;
				CLANG_WARN_INT_CONVERSION = YES;
				CLANG_WARN_NON_LITERAL_NULL_CONVERSION = YES;
				CLANG_WARN_OBJC_IMPLICIT_RETAIN_SELF = YES;
				CLANG_WARN_OBJC_LITERAL_CONVERSION = YES;
				CLANG_WARN_OBJC_ROOT_CLASS = YES_ERROR;
				CLANG_WARN_RANGE_LOOP_ANALYSIS = YES;
				CLANG_WARN_STRICT_PROTOTYPES = YES;
				CLANG_WARN_SUSPICIOUS_MOVE = YES;
				CLANG_WARN_UNGUARDED_AVAILABILITY = YES_AGGRESSIVE;
				CLANG_WARN_UNREACHABLE_CODE = YES;
				CLANG_WARN__DUPLICATE_METHOD_MATCH = YES;
				CODE_SIGN_IDENTITY = "iPhone Developer";
				COPY_PHASE_STRIP = NO;
				DEBUG_INFORMATION_FORMAT = dwarf;
				ENABLE_STRICT_OBJC_MSGSEND = YES;
				ENABLE_TESTABILITY = YES;
				GCC_C_LANGUAGE_STANDARD = gnu11;
				GCC_DYNAMIC_NO_PIC = NO;
				GCC_NO_COMMON_BLOCKS = YES;
				GCC_OPTIMIZATION_LEVEL = 0;
				GCC_PREPROCESSOR_DEFINITIONS = (
					"DEBUG=1",
					"$(inherited)",
				);
				GCC_WARN_64_TO_32_BIT_CONVERSION = YES;
				GCC_WARN_ABOUT_RETURN_TYPE = YES_ERROR;
				GCC_WARN_UNDECLARED_SELECTOR = YES;
				GCC_WARN_UNINITIALIZED_AUTOS = YES_AGGRESSIVE;
				GCC_WARN_UNUSED_FUNCTION = YES;
				GCC_WARN_UNUSED_VARIABLE = YES;
				IPHONEOS_DEPLOYMENT_TARGET = 12.2;
				MTL_ENABLE_DEBUG_INFO = INCLUDE_SOURCE;
				MTL_FAST_MATH = YES;
				ONLY_ACTIVE_ARCH = YES;
				SDKROOT = iphoneos;
				SWIFT_ACTIVE_COMPILATION_CONDITIONS = DEBUG;
				SWIFT_OPTIMIZATION_LEVEL = "-Onone";
			};
			name = Debug;
		};
		B55A6ADA22C7444700D4C635 /* Release */ = {
			isa = XCBuildConfiguration;
			buildSettings = {
				ALWAYS_SEARCH_USER_PATHS = NO;
				CLANG_ANALYZER_NONNULL = YES;
				CLANG_ANALYZER_NUMBER_OBJECT_CONVERSION = YES_AGGRESSIVE;
				CLANG_CXX_LANGUAGE_STANDARD = "gnu++14";
				CLANG_CXX_LIBRARY = "libc++";
				CLANG_ENABLE_MODULES = YES;
				CLANG_ENABLE_OBJC_ARC = YES;
				CLANG_ENABLE_OBJC_WEAK = YES;
				CLANG_WARN_BLOCK_CAPTURE_AUTORELEASING = YES;
				CLANG_WARN_BOOL_CONVERSION = YES;
				CLANG_WARN_COMMA = YES;
				CLANG_WARN_CONSTANT_CONVERSION = YES;
				CLANG_WARN_DEPRECATED_OBJC_IMPLEMENTATIONS = YES;
				CLANG_WARN_DIRECT_OBJC_ISA_USAGE = YES_ERROR;
				CLANG_WARN_DOCUMENTATION_COMMENTS = YES;
				CLANG_WARN_EMPTY_BODY = YES;
				CLANG_WARN_ENUM_CONVERSION = YES;
				CLANG_WARN_INFINITE_RECURSION = YES;
				CLANG_WARN_INT_CONVERSION = YES;
				CLANG_WARN_NON_LITERAL_NULL_CONVERSION = YES;
				CLANG_WARN_OBJC_IMPLICIT_RETAIN_SELF = YES;
				CLANG_WARN_OBJC_LITERAL_CONVERSION = YES;
				CLANG_WARN_OBJC_ROOT_CLASS = YES_ERROR;
				CLANG_WARN_RANGE_LOOP_ANALYSIS = YES;
				CLANG_WARN_STRICT_PROTOTYPES = YES;
				CLANG_WARN_SUSPICIOUS_MOVE = YES;
				CLANG_WARN_UNGUARDED_AVAILABILITY = YES_AGGRESSIVE;
				CLANG_WARN_UNREACHABLE_CODE = YES;
				CLANG_WARN__DUPLICATE_METHOD_MATCH = YES;
				CODE_SIGN_IDENTITY = "iPhone Developer";
				COPY_PHASE_STRIP = NO;
				DEBUG_INFORMATION_FORMAT = "dwarf-with-dsym";
				ENABLE_NS_ASSERTIONS = NO;
				ENABLE_STRICT_OBJC_MSGSEND = YES;
				GCC_C_LANGUAGE_STANDARD = gnu11;
				GCC_NO_COMMON_BLOCKS = YES;
				GCC_WARN_64_TO_32_BIT_CONVERSION = YES;
				GCC_WARN_ABOUT_RETURN_TYPE = YES_ERROR;
				GCC_WARN_UNDECLARED_SELECTOR = YES;
				GCC_WARN_UNINITIALIZED_AUTOS = YES_AGGRESSIVE;
				GCC_WARN_UNUSED_FUNCTION = YES;
				GCC_WARN_UNUSED_VARIABLE = YES;
				IPHONEOS_DEPLOYMENT_TARGET = 12.2;
				MTL_ENABLE_DEBUG_INFO = NO;
				MTL_FAST_MATH = YES;
				SDKROOT = iphoneos;
				SWIFT_COMPILATION_MODE = wholemodule;
				SWIFT_OPTIMIZATION_LEVEL = "-O";
				VALIDATE_PRODUCT = YES;
			};
			name = Release;
		};
		B55A6ADC22C7444700D4C635 /* Debug */ = {
			isa = XCBuildConfiguration;
			baseConfigurationReference = B846CE74F2BC6FFFFBFC73A1 /* Pods-PictureCool.debug.xcconfig */;
			buildSettings = {
				ASSETCATALOG_COMPILER_APPICON_NAME = AppIcon;
				CLANG_ENABLE_MODULES = YES;
				CODE_SIGN_STYLE = Automatic;
				DEVELOPMENT_TEAM = WDYZFJ25J7;
				INFOPLIST_FILE = PictureCool/Info.plist;
				IPHONEOS_DEPLOYMENT_TARGET = 12.0;
				LD_RUNPATH_SEARCH_PATHS = (
					"$(inherited)",
					"@executable_path/Frameworks",
				);
				PRODUCT_BUNDLE_IDENTIFIER = zeng.PictureCool;
				PRODUCT_NAME = "$(TARGET_NAME)";
				SWIFT_OBJC_BRIDGING_HEADER = "PictureCool/CoreModel/PictureCool-Bridging-Header.h";
				SWIFT_OPTIMIZATION_LEVEL = "-Onone";
				SWIFT_VERSION = 5.0;
				TARGETED_DEVICE_FAMILY = "1,2";
			};
			name = Debug;
		};
		B55A6ADD22C7444700D4C635 /* Release */ = {
			isa = XCBuildConfiguration;
			baseConfigurationReference = 004BB5729D6542399E9AB3ED /* Pods-PictureCool.release.xcconfig */;
			buildSettings = {
				ASSETCATALOG_COMPILER_APPICON_NAME = AppIcon;
				CLANG_ENABLE_MODULES = YES;
				CODE_SIGN_STYLE = Automatic;
				DEVELOPMENT_TEAM = WDYZFJ25J7;
				INFOPLIST_FILE = PictureCool/Info.plist;
				IPHONEOS_DEPLOYMENT_TARGET = 12.0;
				LD_RUNPATH_SEARCH_PATHS = (
					"$(inherited)",
					"@executable_path/Frameworks",
				);
				PRODUCT_BUNDLE_IDENTIFIER = zeng.PictureCool;
				PRODUCT_NAME = "$(TARGET_NAME)";
				SWIFT_OBJC_BRIDGING_HEADER = "PictureCool/CoreModel/PictureCool-Bridging-Header.h";
				SWIFT_VERSION = 5.0;
				TARGETED_DEVICE_FAMILY = "1,2";
			};
			name = Release;
		};
/* End XCBuildConfiguration section */

/* Begin XCConfigurationList section */
		B55A6AC422C7444500D4C635 /* Build configuration list for PBXProject "PictureCool" */ = {
			isa = XCConfigurationList;
			buildConfigurations = (
				B55A6AD922C7444700D4C635 /* Debug */,
				B55A6ADA22C7444700D4C635 /* Release */,
			);
			defaultConfigurationIsVisible = 0;
			defaultConfigurationName = Release;
		};
		B55A6ADB22C7444700D4C635 /* Build configuration list for PBXNativeTarget "PictureCool" */ = {
			isa = XCConfigurationList;
			buildConfigurations = (
				B55A6ADC22C7444700D4C635 /* Debug */,
				B55A6ADD22C7444700D4C635 /* Release */,
			);
			defaultConfigurationIsVisible = 0;
			defaultConfigurationName = Release;
		};
/* End XCConfigurationList section */
	};
	rootObject = B55A6AC122C7444500D4C635 /* Project object */;
}
